// !$*UTF8*$!
{
	archiveVersion = 1;
	classes = {
	};
	objectVersion = 46;
	objects = {

/* Begin PBXBuildFile section */
		081C9FD51AC8569500E3BB80 /* main.m in Sources */ = {isa = PBXBuildFile; fileRef = 081C9FD41AC8569500E3BB80 /* main.m */; };
		081C9FD81AC8569500E3BB80 /* AppDelegate.m in Sources */ = {isa = PBXBuildFile; fileRef = 081C9FD71AC8569500E3BB80 /* AppDelegate.m */; };
		081C9FDB1AC8569500E3BB80 /* ViewController.m in Sources */ = {isa = PBXBuildFile; fileRef = 081C9FDA1AC8569500E3BB80 /* ViewController.m */; };
		081C9FDE1AC8569500E3BB80 /* Main.storyboard in Resources */ = {isa = PBXBuildFile; fileRef = 081C9FDC1AC8569500E3BB80 /* Main.storyboard */; };
		081C9FE01AC8569500E3BB80 /* Images.xcassets in Resources */ = {isa = PBXBuildFile; fileRef = 081C9FDF1AC8569500E3BB80 /* Images.xcassets */; };
		081C9FE31AC8569500E3BB80 /* LaunchScreen.xib in Resources */ = {isa = PBXBuildFile; fileRef = 081C9FE11AC8569500E3BB80 /* LaunchScreen.xib */; };
		081C9FEF1AC8569500E3BB80 /* weatherForecastTests.m in Sources */ = {isa = PBXBuildFile; fileRef = 081C9FEE1AC8569500E3BB80 /* weatherForecastTests.m */; };
		081C9FFA1AC85AD600E3BB80 /* sky.jpg in Resources */ = {isa = PBXBuildFile; fileRef = 081C9FF91AC85AD600E3BB80 /* sky.jpg */; };
		083B416D1AC96271000B4BB0 /* TableViewCustomCell.xib in Resources */ = {isa = PBXBuildFile; fileRef = 083B416C1AC96271000B4BB0 /* TableViewCustomCell.xib */; };
		083B41701AC9638B000B4BB0 /* CustomTableViewCell.m in Sources */ = {isa = PBXBuildFile; fileRef = 083B416F1AC9638B000B4BB0 /* CustomTableViewCell.m */; };
		083B417B1ACAB160000B4BB0 /* tokyo.jpg in Resources */ = {isa = PBXBuildFile; fileRef = 083B417A1ACAB160000B4BB0 /* tokyo.jpg */; };
/* End PBXBuildFile section */

/* Begin PBXContainerItemProxy section */
		081C9FE91AC8569500E3BB80 /* PBXContainerItemProxy */ = {
			isa = PBXContainerItemProxy;
			containerPortal = 081C9FC71AC8569500E3BB80 /* Project object */;
			proxyType = 1;
			remoteGlobalIDString = 081C9FCE1AC8569500E3BB80;
			remoteInfo = weatherForecast;
		};
/* End PBXContainerItemProxy section */

/* Begin PBXFileReference section */
		081C9FCF1AC8569500E3BB80 /* weatherForecast.app */ = {isa = PBXFileReference; explicitFileType = wrapper.application; includeInIndex = 0; path = weatherForecast.app; sourceTree = BUILT_PRODUCTS_DIR; };
		081C9FD31AC8569500E3BB80 /* Info.plist */ = {isa = PBXFileReference; lastKnownFileType = text.plist.xml; path = Info.plist; sourceTree = "<group>"; };
		081C9FD41AC8569500E3BB80 /* main.m */ = {isa = PBXFileReference; lastKnownFileType = sourcecode.c.objc; path = main.m; sourceTree = "<group>"; };
		081C9FD61AC8569500E3BB80 /* AppDelegate.h */ = {isa = PBXFileReference; lastKnownFileType = sourcecode.c.h; path = AppDelegate.h; sourceTree = "<group>"; };
		081C9FD71AC8569500E3BB80 /* AppDelegate.m */ = {isa = PBXFileReference; lastKnownFileType = sourcecode.c.objc; path = AppDelegate.m; sourceTree = "<group>"; };
		081C9FD91AC8569500E3BB80 /* ViewController.h */ = {isa = PBXFileReference; lastKnownFileType = sourcecode.c.h; path = ViewController.h; sourceTree = "<group>"; };
		081C9FDA1AC8569500E3BB80 /* ViewController.m */ = {isa = PBXFileReference; lastKnownFileType = sourcecode.c.objc; path = ViewController.m; sourceTree = "<group>"; };
		081C9FDD1AC8569500E3BB80 /* Base */ = {isa = PBXFileReference; lastKnownFileType = file.storyboard; name = Base; path = Base.lproj/Main.storyboard; sourceTree = "<group>"; };
		081C9FDF1AC8569500E3BB80 /* Images.xcassets */ = {isa = PBXFileReference; lastKnownFileType = folder.assetcatalog; path = Images.xcassets; sourceTree = "<group>"; };
		081C9FE21AC8569500E3BB80 /* Base */ = {isa = PBXFileReference; lastKnownFileType = file.xib; name = Base; path = Base.lproj/LaunchScreen.xib; sourceTree = "<group>"; };
		081C9FE81AC8569500E3BB80 /* weatherForecastTests.xctest */ = {isa = PBXFileReference; explicitFileType = wrapper.cfbundle; includeInIndex = 0; path = weatherForecastTests.xctest; sourceTree = BUILT_PRODUCTS_DIR; };
		081C9FED1AC8569500E3BB80 /* Info.plist */ = {isa = PBXFileReference; lastKnownFileType = text.plist.xml; path = Info.plist; sourceTree = "<group>"; };
		081C9FEE1AC8569500E3BB80 /* weatherForecastTests.m */ = {isa = PBXFileReference; lastKnownFileType = sourcecode.c.objc; path = weatherForecastTests.m; sourceTree = "<group>"; };
		081C9FF91AC85AD600E3BB80 /* sky.jpg */ = {isa = PBXFileReference; lastKnownFileType = image.jpeg; path = sky.jpg; sourceTree = "<group>"; };
		083B416C1AC96271000B4BB0 /* TableViewCustomCell.xib */ = {isa = PBXFileReference; fileEncoding = 4; lastKnownFileType = file.xib; path = TableViewCustomCell.xib; sourceTree = "<group>"; };
		083B416E1AC9638B000B4BB0 /* CustomTableViewCell.h */ = {isa = PBXFileReference; fileEncoding = 4; lastKnownFileType = sourcecode.c.h; path = CustomTableViewCell.h; sourceTree = "<group>"; };
		083B416F1AC9638B000B4BB0 /* CustomTableViewCell.m */ = {isa = PBXFileReference; fileEncoding = 4; lastKnownFileType = sourcecode.c.objc; path = CustomTableViewCell.m; sourceTree = "<group>"; };
		083B41711AC96555000B4BB0 /* TableViewConst.h */ = {isa = PBXFileReference; fileEncoding = 4; lastKnownFileType = sourcecode.c.h; path = TableViewConst.h; sourceTree = "<group>"; };
		083B417A1ACAB160000B4BB0 /* tokyo.jpg */ = {isa = PBXFileReference; lastKnownFileType = image.jpeg; path = tokyo.jpg; sourceTree = "<group>"; };
/* End PBXFileReference section */

/* Begin PBXFrameworksBuildPhase section */
		081C9FCC1AC8569500E3BB80 /* Frameworks */ = {
			isa = PBXFrameworksBuildPhase;
			buildActionMask = 2147483647;
			files = (
			);
			runOnlyForDeploymentPostprocessing = 0;
		};
		081C9FE51AC8569500E3BB80 /* Frameworks */ = {
			isa = PBXFrameworksBuildPhase;
			buildActionMask = 2147483647;
			files = (
			);
			runOnlyForDeploymentPostprocessing = 0;
		};
/* End PBXFrameworksBuildPhase section */

/* Begin PBXGroup section */
		081C9FC61AC8569500E3BB80 = {
			isa = PBXGroup;
			children = (
				081C9FD11AC8569500E3BB80 /* weatherForecast */,
				081C9FEB1AC8569500E3BB80 /* weatherForecastTests */,
				081C9FD01AC8569500E3BB80 /* Products */,
			);
			sourceTree = "<group>";
		};
		081C9FD01AC8569500E3BB80 /* Products */ = {
			isa = PBXGroup;
			children = (
				081C9FCF1AC8569500E3BB80 /* weatherForecast.app */,
				081C9FE81AC8569500E3BB80 /* weatherForecastTests.xctest */,
			);
			name = Products;
			sourceTree = "<group>";
		};
		081C9FD11AC8569500E3BB80 /* weatherForecast */ = {
			isa = PBXGroup;
			children = (
				083B416A1AC961DC000B4BB0 /* Const */,
				083B41691AC961CF000B4BB0 /* View */,
				083B41681AC961AC000B4BB0 /* TableViewCell */,
				081C9FE11AC8569500E3BB80 /* LaunchScreen.xib */,
				081C9FD21AC8569500E3BB80 /* Supporting Files */,
			);
			path = weatherForecast;
			sourceTree = "<group>";
		};
		081C9FD21AC8569500E3BB80 /* Supporting Files */ = {
			isa = PBXGroup;
			children = (
				081C9FF81AC85AD600E3BB80 /* img */,
				081C9FD31AC8569500E3BB80 /* Info.plist */,
				081C9FD41AC8569500E3BB80 /* main.m */,
			);
			name = "Supporting Files";
			sourceTree = "<group>";
		};
		081C9FEB1AC8569500E3BB80 /* weatherForecastTests */ = {
			isa = PBXGroup;
			children = (
				081C9FEE1AC8569500E3BB80 /* weatherForecastTests.m */,
				081C9FEC1AC8569500E3BB80 /* Supporting Files */,
			);
			path = weatherForecastTests;
			sourceTree = "<group>";
		};
		081C9FEC1AC8569500E3BB80 /* Supporting Files */ = {
			isa = PBXGroup;
			children = (
				081C9FED1AC8569500E3BB80 /* Info.plist */,
			);
			name = "Supporting Files";
			sourceTree = "<group>";
		};
		081C9FF81AC85AD600E3BB80 /* img */ = {
			isa = PBXGroup;
			children = (
				083B417A1ACAB160000B4BB0 /* tokyo.jpg */,
				081C9FF91AC85AD600E3BB80 /* sky.jpg */,
			);
			path = img;
			sourceTree = "<group>";
		};
		083B41681AC961AC000B4BB0 /* TableViewCell */ = {
			isa = PBXGroup;
			children = (
				081C9FD61AC8569500E3BB80 /* AppDelegate.h */,
				081C9FD71AC8569500E3BB80 /* AppDelegate.m */,
				081C9FDC1AC8569500E3BB80 /* Main.storyboard */,
				081C9FDF1AC8569500E3BB80 /* Images.xcassets */,
				083B416C1AC96271000B4BB0 /* TableViewCustomCell.xib */,
				083B416E1AC9638B000B4BB0 /* CustomTableViewCell.h */,
				083B416F1AC9638B000B4BB0 /* CustomTableViewCell.m */,
			);
			name = TableViewCell;
			sourceTree = "<group>";
		};
		083B41691AC961CF000B4BB0 /* View */ = {
			isa = PBXGroup;
			children = (
				081C9FD91AC8569500E3BB80 /* ViewController.h */,
				081C9FDA1AC8569500E3BB80 /* ViewController.m */,
			);
			name = View;
			sourceTree = "<group>";
		};
		083B416A1AC961DC000B4BB0 /* Const */ = {
			isa = PBXGroup;
			children = (
				083B41711AC96555000B4BB0 /* TableViewConst.h */,
			);
			name = Const;
			sourceTree = "<group>";
		};
/* End PBXGroup section */

/* Begin PBXNativeTarget section */
		081C9FCE1AC8569500E3BB80 /* weatherForecast */ = {
			isa = PBXNativeTarget;
			buildConfigurationList = 081C9FF21AC8569500E3BB80 /* Build configuration list for PBXNativeTarget "weatherForecast" */;
			buildPhases = (
				081C9FCB1AC8569500E3BB80 /* Sources */,
				081C9FCC1AC8569500E3BB80 /* Frameworks */,
				081C9FCD1AC8569500E3BB80 /* Resources */,
			);
			buildRules = (
			);
			dependencies = (
			);
			name = weatherForecast;
			productName = weatherForecast;
			productReference = 081C9FCF1AC8569500E3BB80 /* weatherForecast.app */;
			productType = "com.apple.product-type.application";
		};
		081C9FE71AC8569500E3BB80 /* weatherForecastTests */ = {
			isa = PBXNativeTarget;
			buildConfigurationList = 081C9FF51AC8569500E3BB80 /* Build configuration list for PBXNativeTarget "weatherForecastTests" */;
			buildPhases = (
				081C9FE41AC8569500E3BB80 /* Sources */,
				081C9FE51AC8569500E3BB80 /* Frameworks */,
				081C9FE61AC8569500E3BB80 /* Resources */,
			);
			buildRules = (
			);
			dependencies = (
				081C9FEA1AC8569500E3BB80 /* PBXTargetDependency */,
			);
			name = weatherForecastTests;
			productName = weatherForecastTests;
			productReference = 081C9FE81AC8569500E3BB80 /* weatherForecastTests.xctest */;
			productType = "com.apple.product-type.bundle.unit-test";
		};
/* End PBXNativeTarget section */

/* Begin PBXProject section */
		081C9FC71AC8569500E3BB80 /* Project object */ = {
			isa = PBXProject;
			attributes = {
				LastUpgradeCheck = 0610;
				ORGANIZATIONNAME = "堀之内英典";
				TargetAttributes = {
					081C9FCE1AC8569500E3BB80 = {
						CreatedOnToolsVersion = 6.1.1;
					};
					081C9FE71AC8569500E3BB80 = {
						CreatedOnToolsVersion = 6.1.1;
						TestTargetID = 081C9FCE1AC8569500E3BB80;
					};
				};
			};
			buildConfigurationList = 081C9FCA1AC8569500E3BB80 /* Build configuration list for PBXProject "weatherForecast" */;
			compatibilityVersion = "Xcode 3.2";
			developmentRegion = English;
			hasScannedForEncodings = 0;
			knownRegions = (
				en,
				Base,
			);
			mainGroup = 081C9FC61AC8569500E3BB80;
			productRefGroup = 081C9FD01AC8569500E3BB80 /* Products */;
			projectDirPath = "";
			projectRoot = "";
			targets = (
				081C9FCE1AC8569500E3BB80 /* weatherForecast */,
				081C9FE71AC8569500E3BB80 /* weatherForecastTests */,
			);
		};
/* End PBXProject section */

/* Begin PBXResourcesBuildPhase section */
		081C9FCD1AC8569500E3BB80 /* Resources */ = {
			isa = PBXResourcesBuildPhase;
			buildActionMask = 2147483647;
			files = (
				081C9FDE1AC8569500E3BB80 /* Main.storyboard in Resources */,
				083B416D1AC96271000B4BB0 /* TableViewCustomCell.xib in Resources */,
				083B417B1ACAB160000B4BB0 /* tokyo.jpg in Resources */,
				081C9FFA1AC85AD600E3BB80 /* sky.jpg in Resources */,
				081C9FE31AC8569500E3BB80 /* LaunchScreen.xib in Resources */,
				081C9FE01AC8569500E3BB80 /* Images.xcassets in Resources */,
			);
			runOnlyForDeploymentPostprocessing = 0;
		};
		081C9FE61AC8569500E3BB80 /* Resources */ = {
			isa = PBXResourcesBuildPhase;
			buildActionMask = 2147483647;
			files = (
			);
			runOnlyForDeploymentPostprocessing = 0;
		};
/* End PBXResourcesBuildPhase section */

/* Begin PBXSourcesBuildPhase section */
		081C9FCB1AC8569500E3BB80 /* Sources */ = {
			isa = PBXSourcesBuildPhase;
			buildActionMask = 2147483647;
			files = (
				081C9FDB1AC8569500E3BB80 /* ViewController.m in Sources */,
				081C9FD81AC8569500E3BB80 /* AppDelegate.m in Sources */,
				083B41701AC9638B000B4BB0 /* CustomTableViewCell.m in Sources */,
				081C9FD51AC8569500E3BB80 /* main.m in Sources */,
			);
			runOnlyForDeploymentPostprocessing = 0;
		};
		081C9FE41AC8569500E3BB80 /* Sources */ = {
			isa = PBXSourcesBuildPhase;
			buildActionMask = 2147483647;
			files = (
				081C9FEF1AC8569500E3BB80 /* weatherForecastTests.m in Sources */,
			);
			runOnlyForDeploymentPostprocessing = 0;
		};
/* End PBXSourcesBuildPhase section */

/* Begin PBXTargetDependency section */
		081C9FEA1AC8569500E3BB80 /* PBXTargetDependency */ = {
			isa = PBXTargetDependency;
			target = 081C9FCE1AC8569500E3BB80 /* weatherForecast */;
			targetProxy = 081C9FE91AC8569500E3BB80 /* PBXContainerItemProxy */;
		};
/* End PBXTargetDependency section */

/* Begin PBXVariantGroup section */
		081C9FDC1AC8569500E3BB80 /* Main.storyboard */ = {
			isa = PBXVariantGroup;
			children = (
				081C9FDD1AC8569500E3BB80 /* Base */,
			);
			name = Main.storyboard;
			sourceTree = "<group>";
		};
		081C9FE11AC8569500E3BB80 /* LaunchScreen.xib */ = {
			isa = PBXVariantGroup;
			children = (
				081C9FE21AC8569500E3BB80 /* Base */,
			);
			name = LaunchScreen.xib;
			sourceTree = "<group>";
		};
/* End PBXVariantGroup section */

/* Begin XCBuildConfiguration section */
		081C9FF01AC8569500E3BB80 /* Debug */ = {
			isa = XCBuildConfiguration;
			buildSettings = {
				ALWAYS_SEARCH_USER_PATHS = NO;
				CLANG_CXX_LANGUAGE_STANDARD = "gnu++0x";
				CLANG_CXX_LIBRARY = "libc++";
				CLANG_ENABLE_MODULES = YES;
				CLANG_ENABLE_OBJC_ARC = YES;
				CLANG_WARN_BOOL_CONVERSION = YES;
				CLANG_WARN_CONSTANT_CONVERSION = YES;
				CLANG_WARN_DIRECT_OBJC_ISA_USAGE = YES_ERROR;
				CLANG_WARN_EMPTY_BODY = YES;
				CLANG_WARN_ENUM_CONVERSION = YES;
				CLANG_WARN_INT_CONVERSION = YES;
				CLANG_WARN_OBJC_ROOT_CLASS = YES_ERROR;
				CLANG_WARN_UNREACHABLE_CODE = YES;
				CLANG_WARN__DUPLICATE_METHOD_MATCH = YES;
				"CODE_SIGN_IDENTITY[sdk=iphoneos*]" = "";
				COPY_PHASE_STRIP = NO;
				ENABLE_STRICT_OBJC_MSGSEND = YES;
				GCC_C_LANGUAGE_STANDARD = gnu99;
				GCC_DYNAMIC_NO_PIC = NO;
				GCC_OPTIMIZATION_LEVEL = 0;
				GCC_PREPROCESSOR_DEFINITIONS = (
					"DEBUG=1",
					"$(inherited)",
				);
				GCC_SYMBOLS_PRIVATE_EXTERN = NO;
				GCC_WARN_64_TO_32_BIT_CONVERSION = YES;
				GCC_WARN_ABOUT_RETURN_TYPE = YES_ERROR;
				GCC_WARN_UNDECLARED_SELECTOR = YES;
				GCC_WARN_UNINITIALIZED_AUTOS = YES_AGGRESSIVE;
				GCC_WARN_UNUSED_FUNCTION = YES;
				GCC_WARN_UNUSED_VARIABLE = YES;
				IPHONEOS_DEPLOYMENT_TARGET = 8.1;
				MTL_ENABLE_DEBUG_INFO = YES;
				ONLY_ACTIVE_ARCH = YES;
				SDKROOT = iphoneos;
				TARGETED_DEVICE_FAMILY = 2;
			};
			name = Debug;
		};
		081C9FF11AC8569500E3BB80 /* Release */ = {
			isa = XCBuildConfiguration;
			buildSettings = {
				ALWAYS_SEARCH_USER_PATHS = NO;
				CLANG_CXX_LANGUAGE_STANDARD = "gnu++0x";
				CLANG_CXX_LIBRARY = "libc++";
				CLANG_ENABLE_MODULES = YES;
				CLANG_ENABLE_OBJC_ARC = YES;
				CLANG_WARN_BOOL_CONVERSION = YES;
				CLANG_WARN_CONSTANT_CONVERSION = YES;
				CLANG_WARN_DIRECT_OBJC_ISA_USAGE = YES_ERROR;
				CLANG_WARN_EMPTY_BODY = YES;
				CLANG_WARN_ENUM_CONVERSION = YES;
				CLANG_WARN_INT_CONVERSION = YES;
				CLANG_WARN_OBJC_ROOT_CLASS = YES_ERROR;
				CLANG_WARN_UNREACHABLE_CODE = YES;
				CLANG_WARN__DUPLICATE_METHOD_MATCH = YES;
				"CODE_SIGN_IDENTITY[sdk=iphoneos*]" = "";
				COPY_PHASE_STRIP = YES;
				ENABLE_NS_ASSERTIONS = NO;
				ENABLE_STRICT_OBJC_MSGSEND = YES;
				GCC_C_LANGUAGE_STANDARD = gnu99;
				GCC_WARN_64_TO_32_BIT_CONVERSION = YES;
				GCC_WARN_ABOUT_RETURN_TYPE = YES_ERROR;
				GCC_WARN_UNDECLARED_SELECTOR = YES;
				GCC_WARN_UNINITIALIZED_AUTOS = YES_AGGRESSIVE;
				GCC_WARN_UNUSED_FUNCTION = YES;
				GCC_WARN_UNUSED_VARIABLE = YES;
				IPHONEOS_DEPLOYMENT_TARGET = 8.1;
				MTL_ENABLE_DEBUG_INFO = NO;
				SDKROOT = iphoneos;
				TARGETED_DEVICE_FAMILY = 2;
				VALIDATE_PRODUCT = YES;
			};
			name = Release;
		};
		081C9FF31AC8569500E3BB80 /* Debug */ = {
			isa = XCBuildConfiguration;
			buildSettings = {
				ASSETCATALOG_COMPILER_APPICON_NAME = AppIcon;
				INFOPLIST_FILE = weatherForecast/Info.plist;
				LD_RUNPATH_SEARCH_PATHS = "$(inherited) @executable_path/Frameworks";
				PRODUCT_NAME = "$(TARGET_NAME)";
			};
			name = Debug;
		};
		081C9FF41AC8569500E3BB80 /* Release */ = {
			isa = XCBuildConfiguration;
			buildSettings = {
				ASSETCATALOG_COMPILER_APPICON_NAME = AppIcon;
				INFOPLIST_FILE = weatherForecast/Info.plist;
				LD_RUNPATH_SEARCH_PATHS = "$(inherited) @executable_path/Frameworks";
				PRODUCT_NAME = "$(TARGET_NAME)";
			};
			name = Release;
		};
		081C9FF61AC8569500E3BB80 /* Debug */ = {
			isa = XCBuildConfiguration;
			buildSettings = {
				BUNDLE_LOADER = "$(TEST_HOST)";
				FRAMEWORK_SEARCH_PATHS = (
					"$(SDKROOT)/Developer/Library/Frameworks",
					"$(inherited)",
				);
				GCC_PREPROCESSOR_DEFINITIONS = (
					"DEBUG=1",
					"$(inherited)",
				);
				INFOPLIST_FILE = weatherForecastTests/Info.plist;
				LD_RUNPATH_SEARCH_PATHS = "$(inherited) @executable_path/Frameworks @loader_path/Frameworks";
				PRODUCT_NAME = "$(TARGET_NAME)";
				TEST_HOST = "$(BUILT_PRODUCTS_DIR)/weatherForecast.app/weatherForecast";
			};
			name = Debug;
		};
		081C9FF71AC8569500E3BB80 /* Release */ = {
			isa = XCBuildConfiguration;
			buildSettings = {
				BUNDLE_LOADER = "$(TEST_HOST)";
				FRAMEWORK_SEARCH_PATHS = (
					"$(SDKROOT)/Developer/Library/Frameworks",
					"$(inherited)",
				);
				INFOPLIST_FILE = weatherForecastTests/Info.plist;
				LD_RUNPATH_SEARCH_PATHS = "$(inherited) @executable_path/Frameworks @loader_path/Frameworks";
				PRODUCT_NAME = "$(TARGET_NAME)";
				TEST_HOST = "$(BUILT_PRODUCTS_DIR)/weatherForecast.app/weatherForecast";
			};
			name = Release;
		};
/* End XCBuildConfiguration section */

/* Begin XCConfigurationList section */
		081C9FCA1AC8569500E3BB80 /* Build configuration list for PBXProject "weatherForecast" */ = {
			isa = XCConfigurationList;
			buildConfigurations = (
				081C9FF01AC8569500E3BB80 /* Debug */,
				081C9FF11AC8569500E3BB80 /* Release */,
			);
			defaultConfigurationIsVisible = 0;
			defaultConfigurationName = Release;
		};
		081C9FF21AC8569500E3BB80 /* Build configuration list for PBXNativeTarget "weatherForecast" */ = {
			isa = XCConfigurationList;
			buildConfigurations = (
				081C9FF31AC8569500E3BB80 /* Debug */,
				081C9FF41AC8569500E3BB80 /* Release */,
			);
			defaultConfigurationIsVisible = 0;
			defaultConfigurationName = Release;
		};
		081C9FF51AC8569500E3BB80 /* Build configuration list for PBXNativeTarget "weatherForecastTests" */ = {
			isa = XCConfigurationList;
			buildConfigurations = (
				081C9FF61AC8569500E3BB80 /* Debug */,
				081C9FF71AC8569500E3BB80 /* Release */,
			);
			defaultConfigurationIsVisible = 0;
			defaultConfigurationName = Release;
		};
/* End XCConfigurationList section */
	};
	rootObject = 081C9FC71AC8569500E3BB80 /* Project object */;
}
